
Microsoft Visual Studio Solution File, Format Version 12.00
# Visual Studio Version 16
VisualStudioVersion = 16.0.30104.148
MinimumVisualStudioVersion = 10.0.40219.1
Project("{FAE04EC0-301F-11D3-BF4B-00C04F79EFBC}") = "BookListRazor", "BookListRazor\BookListRazor.csproj", "{69A858F3-7A56-4A56-99E8-9A899A9EB92D}"
EndProject
Global
	GlobalSection(SolutionConfigurationPlatforms) = preSolution
		Debug|Any CPU = Debug|Any CPU
		Release|Any CPU = Release|Any CPU
	EndGlobalSection
	GlobalSection(ProjectConfigurationPlatforms) = postSolution
		{69A858F3-7A56-4A56-99E8-9A899A9EB92D}.Debug|Any CPU.ActiveCfg = Debug|Any CPU
		{69A858F3-7A56-4A56-99E8-9A899A9EB92D}.Debug|Any CPU.Build.0 = Debug|Any CPU
		{69A858F3-7A56-4A56-99E8-9A899A9EB92D}.Release|Any CPU.ActiveCfg = Release|Any CPU
		{69A858F3-7A56-4A56-99E8-9A899A9EB92D}.Release|Any CPU.Build.0 = Release|Any CPU
	EndGlobalSection
	GlobalSection(SolutionProperties) = preSolution
		HideSolutionNode = FALSE
	EndGlobalSection
	GlobalSection(ExtensibilityGlobals) = postSolution
		SolutionGuid = {ADF97258-AEE0-49E3-97CB-716FB4B8D467}
	EndGlobalSection
EndGlobal
